
Microsoft Visual Studio Solution File, Format Version 12.00
# Visual Studio Version 16
VisualStudioVersion = 16.0.30907.101
MinimumVisualStudioVersion = 10.0.40219.1
Project("{FAE04EC0-301F-11D3-BF4B-00C04F79EFBC}") = "Luisde_Prestamos_Cd", "Luisde_Prestamos_Cd.csproj", "{F5E3B50D-A4B4-4C78-8F48-94C8475E18E8}"
EndProject
Global
	GlobalSection(SolutionConfigurationPlatforms) = preSolution
		Debug|Any CPU = Debug|Any CPU
		Release|Any CPU = Release|Any CPU
	EndGlobalSection
	GlobalSection(ProjectConfigurationPlatforms) = postSolution
		{F5E3B50D-A4B4-4C78-8F48-94C8475E18E8}.Debug|Any CPU.ActiveCfg = Debug|Any CPU
		{F5E3B50D-A4B4-4C78-8F48-94C8475E18E8}.Debug|Any CPU.Build.0 = Debug|Any CPU
		{F5E3B50D-A4B4-4C78-8F48-94C8475E18E8}.Release|Any CPU.ActiveCfg = Release|Any CPU
		{F5E3B50D-A4B4-4C78-8F48-94C8475E18E8}.Release|Any CPU.Build.0 = Release|Any CPU
	EndGlobalSection
	GlobalSection(SolutionProperties) = preSolution
		HideSolutionNode = FALSE
	EndGlobalSection
	GlobalSection(ExtensibilityGlobals) = postSolution
		SolutionGuid = {A0AEA122-3367-4A89-88C3-2E9959C7F768}
	EndGlobalSection
EndGlobal
